
Microsoft Visual Studio Solution File, Format Version 12.00
# Visual Studio Version 17
VisualStudioVersion = 17.4.33213.308
MinimumVisualStudioVersion = 10.0.40219.1
Project("{FAE04EC0-301F-11D3-BF4B-00C04F79EFBC}") = "syncfusionDemoCore", "syncfusionDemoCore\syncfusionDemoCore.csproj", "{92623EF6-3557-4C78-9393-A307AEFF49DC}"
EndProject
Global
	GlobalSection(SolutionConfigurationPlatforms) = preSolution
		Debug|Any CPU = Debug|Any CPU
		Release|Any CPU = Release|Any CPU
	EndGlobalSection
	GlobalSection(ProjectConfigurationPlatforms) = postSolution
		{92623EF6-3557-4C78-9393-A307AEFF49DC}.Debug|Any CPU.ActiveCfg = Debug|Any CPU
		{92623EF6-3557-4C78-9393-A307AEFF49DC}.Debug|Any CPU.Build.0 = Debug|Any CPU
		{92623EF6-3557-4C78-9393-A307AEFF49DC}.Release|Any CPU.ActiveCfg = Release|Any CPU
		{92623EF6-3557-4C78-9393-A307AEFF49DC}.Release|Any CPU.Build.0 = Release|Any CPU
	EndGlobalSection
	GlobalSection(SolutionProperties) = preSolution
		HideSolutionNode = FALSE
	EndGlobalSection
	GlobalSection(ExtensibilityGlobals) = postSolution
		SolutionGuid = {9CBC15FE-3CAC-4E9B-8F19-95D0B8B337CB}
	EndGlobalSection
EndGlobal
